
Microsoft Visual Studio Solution File, Format Version 12.00
# Visual Studio Version 16
VisualStudioVersion = 16.0.30204.135
MinimumVisualStudioVersion = 10.0.40219.1
Project("{FAE04EC0-301F-11D3-BF4B-00C04F79EFBC}") = "Dan_XXXIV_Bojana_Backo", "Dan_XXXIV_Bojana_Backo\Dan_XXXIV_Bojana_Backo.csproj", "{1C9E9F62-E65F-432B-9951-A831A0B96388}"
EndProject
Global
	GlobalSection(SolutionConfigurationPlatforms) = preSolution
		Debug|Any CPU = Debug|Any CPU
		Release|Any CPU = Release|Any CPU
	EndGlobalSection
	GlobalSection(ProjectConfigurationPlatforms) = postSolution
		{1C9E9F62-E65F-432B-9951-A831A0B96388}.Debug|Any CPU.ActiveCfg = Debug|Any CPU
		{1C9E9F62-E65F-432B-9951-A831A0B96388}.Debug|Any CPU.Build.0 = Debug|Any CPU
		{1C9E9F62-E65F-432B-9951-A831A0B96388}.Release|Any CPU.ActiveCfg = Release|Any CPU
		{1C9E9F62-E65F-432B-9951-A831A0B96388}.Release|Any CPU.Build.0 = Release|Any CPU
	EndGlobalSection
	GlobalSection(SolutionProperties) = preSolution
		HideSolutionNode = FALSE
	EndGlobalSection
	GlobalSection(ExtensibilityGlobals) = postSolution
		SolutionGuid = {7D1D7BAD-AD4E-476A-A869-F6DB525A4896}
	EndGlobalSection
EndGlobal
